
Microsoft Visual Studio Solution File, Format Version 12.00
# Visual Studio Version 17
VisualStudioVersion = 17.0.31903.59
MinimumVisualStudioVersion = 10.0.40219.1
Project("{FAE04EC0-301F-11D3-BF4B-00C04F79EFBC}") = "AliasAnalysis", "AliasAnalysis\AliasAnalysis.csproj", "{9E5D5310-B1A8-46C6-A2F4-03A707A3BCE8}"
EndProject
Project("{FAE04EC0-301F-11D3-BF4B-00C04F79EFBC}") = "AngelicVerifier", "AngelicVerifier\AngelicVerifier.csproj", "{0F77898C-9DFF-43B6-B3C4-2B91EC8E73FC}"
EndProject
Project("{FAE04EC0-301F-11D3-BF4B-00C04F79EFBC}") = "AvHarnessInstrumentation", "AvHarnessInstrumentation\AvHarnessInstrumentation.csproj", "{B90BE491-608D-4FB7-83A8-655F3A522BE9}"
EndProject
Project("{FAE04EC0-301F-11D3-BF4B-00C04F79EFBC}") = "AvUtil", "AvUtil\AvUtil.csproj", "{8E5D1D54-E52D-43DA-8507-3B766FD460B8}"
EndProject
Project("{FAE04EC0-301F-11D3-BF4B-00C04F79EFBC}") = "CoreLib", "CoreLib\CoreLib.csproj", "{EAC4C567-4AA1-448A-8030-13F35CC5D884}"
EndProject
Project("{FAE04EC0-301F-11D3-BF4B-00C04F79EFBC}") = "Corral", "Corral\Corral.csproj", "{096E6DAD-1DF7-41A7-83C9-EEEBDA277A0E}"
EndProject
Project("{FAE04EC0-301F-11D3-BF4B-00C04F79EFBC}") = "ExplainError", "ExplainError\ExplainError.csproj", "{40884563-A56D-4E71-AE1A-6A4AC2AF322C}"
EndProject
Project("{FAE04EC0-301F-11D3-BF4B-00C04F79EFBC}") = "FastAvn", "FastAvn\FastAvn.csproj", "{07410045-7656-4602-A3E8-6AAEAB9EE7FD}"
EndProject
Project("{FAE04EC0-301F-11D3-BF4B-00C04F79EFBC}") = "ProgTransformation", "ProgTransformation\ProgTransformation.csproj", "{73CB8607-5C4F-4CF0-9614-3782CACA9699}"
EndProject
Project("{FAE04EC0-301F-11D3-BF4B-00C04F79EFBC}") = "PropInst", "PropInst\PropInst.csproj", "{401FAEFA-C856-48E0-AEEB-126020739C64}"
EndProject
Project("{FAE04EC0-301F-11D3-BF4B-00C04F79EFBC}") = "PropInstUtils", "propinstutils\PropInstUtils.csproj", "{2221D3A0-F55B-4EE3-92E6-78E35532FF89}"
EndProject
Project("{FAE04EC0-301F-11D3-BF4B-00C04F79EFBC}") = "CorralUtil", "Util\CorralUtil.csproj", "{7518FC02-64F9-4494-B569-EEAB3F219E74}"
EndProject
Global
	GlobalSection(SolutionConfigurationPlatforms) = preSolution
		Debug|Any CPU = Debug|Any CPU
		Release|Any CPU = Release|Any CPU
	EndGlobalSection
	GlobalSection(SolutionProperties) = preSolution
		HideSolutionNode = FALSE
	EndGlobalSection
	GlobalSection(ProjectConfigurationPlatforms) = postSolution
		{9E5D5310-B1A8-46C6-A2F4-03A707A3BCE8}.Debug|Any CPU.ActiveCfg = Debug|Any CPU
		{9E5D5310-B1A8-46C6-A2F4-03A707A3BCE8}.Debug|Any CPU.Build.0 = Debug|Any CPU
		{9E5D5310-B1A8-46C6-A2F4-03A707A3BCE8}.Release|Any CPU.ActiveCfg = Release|Any CPU
		{9E5D5310-B1A8-46C6-A2F4-03A707A3BCE8}.Release|Any CPU.Build.0 = Release|Any CPU
		{0F77898C-9DFF-43B6-B3C4-2B91EC8E73FC}.Debug|Any CPU.ActiveCfg = Debug|Any CPU
		{0F77898C-9DFF-43B6-B3C4-2B91EC8E73FC}.Debug|Any CPU.Build.0 = Debug|Any CPU
		{0F77898C-9DFF-43B6-B3C4-2B91EC8E73FC}.Release|Any CPU.ActiveCfg = Release|Any CPU
		{0F77898C-9DFF-43B6-B3C4-2B91EC8E73FC}.Release|Any CPU.Build.0 = Release|Any CPU
		{B90BE491-608D-4FB7-83A8-655F3A522BE9}.Debug|Any CPU.ActiveCfg = Debug|Any CPU
		{B90BE491-608D-4FB7-83A8-655F3A522BE9}.Debug|Any CPU.Build.0 = Debug|Any CPU
		{B90BE491-608D-4FB7-83A8-655F3A522BE9}.Release|Any CPU.ActiveCfg = Release|Any CPU
		{B90BE491-608D-4FB7-83A8-655F3A522BE9}.Release|Any CPU.Build.0 = Release|Any CPU
		{8E5D1D54-E52D-43DA-8507-3B766FD460B8}.Debug|Any CPU.ActiveCfg = Debug|Any CPU
		{8E5D1D54-E52D-43DA-8507-3B766FD460B8}.Debug|Any CPU.Build.0 = Debug|Any CPU
		{8E5D1D54-E52D-43DA-8507-3B766FD460B8}.Release|Any CPU.ActiveCfg = Release|Any CPU
		{8E5D1D54-E52D-43DA-8507-3B766FD460B8}.Release|Any CPU.Build.0 = Release|Any CPU
		{EAC4C567-4AA1-448A-8030-13F35CC5D884}.Debug|Any CPU.ActiveCfg = Debug|Any CPU
		{EAC4C567-4AA1-448A-8030-13F35CC5D884}.Debug|Any CPU.Build.0 = Debug|Any CPU
		{EAC4C567-4AA1-448A-8030-13F35CC5D884}.Release|Any CPU.ActiveCfg = Release|Any CPU
		{EAC4C567-4AA1-448A-8030-13F35CC5D884}.Release|Any CPU.Build.0 = Release|Any CPU
		{096E6DAD-1DF7-41A7-83C9-EEEBDA277A0E}.Debug|Any CPU.ActiveCfg = Debug|Any CPU
		{096E6DAD-1DF7-41A7-83C9-EEEBDA277A0E}.Debug|Any CPU.Build.0 = Debug|Any CPU
		{096E6DAD-1DF7-41A7-83C9-EEEBDA277A0E}.Release|Any CPU.ActiveCfg = Release|Any CPU
		{096E6DAD-1DF7-41A7-83C9-EEEBDA277A0E}.Release|Any CPU.Build.0 = Release|Any CPU
		{40884563-A56D-4E71-AE1A-6A4AC2AF322C}.Debug|Any CPU.ActiveCfg = Debug|Any CPU
		{40884563-A56D-4E71-AE1A-6A4AC2AF322C}.Debug|Any CPU.Build.0 = Debug|Any CPU
		{40884563-A56D-4E71-AE1A-6A4AC2AF322C}.Release|Any CPU.ActiveCfg = Release|Any CPU
		{40884563-A56D-4E71-AE1A-6A4AC2AF322C}.Release|Any CPU.Build.0 = Release|Any CPU
		{07410045-7656-4602-A3E8-6AAEAB9EE7FD}.Debug|Any CPU.ActiveCfg = Debug|Any CPU
		{07410045-7656-4602-A3E8-6AAEAB9EE7FD}.Debug|Any CPU.Build.0 = Debug|Any CPU
		{07410045-7656-4602-A3E8-6AAEAB9EE7FD}.Release|Any CPU.ActiveCfg = Release|Any CPU
		{07410045-7656-4602-A3E8-6AAEAB9EE7FD}.Release|Any CPU.Build.0 = Release|Any CPU
		{73CB8607-5C4F-4CF0-9614-3782CACA9699}.Debug|Any CPU.ActiveCfg = Debug|Any CPU
		{73CB8607-5C4F-4CF0-9614-3782CACA9699}.Debug|Any CPU.Build.0 = Debug|Any CPU
		{73CB8607-5C4F-4CF0-9614-3782CACA9699}.Release|Any CPU.ActiveCfg = Release|Any CPU
		{73CB8607-5C4F-4CF0-9614-3782CACA9699}.Release|Any CPU.Build.0 = Release|Any CPU
		{401FAEFA-C856-48E0-AEEB-126020739C64}.Debug|Any CPU.ActiveCfg = Debug|Any CPU
		{401FAEFA-C856-48E0-AEEB-126020739C64}.Debug|Any CPU.Build.0 = Debug|Any CPU
		{401FAEFA-C856-48E0-AEEB-126020739C64}.Release|Any CPU.ActiveCfg = Release|Any CPU
		{401FAEFA-C856-48E0-AEEB-126020739C64}.Release|Any CPU.Build.0 = Release|Any CPU
		{2221D3A0-F55B-4EE3-92E6-78E35532FF89}.Debug|Any CPU.ActiveCfg = Debug|Any CPU
		{2221D3A0-F55B-4EE3-92E6-78E35532FF89}.Debug|Any CPU.Build.0 = Debug|Any CPU
		{2221D3A0-F55B-4EE3-92E6-78E35532FF89}.Release|Any CPU.ActiveCfg = Release|Any CPU
		{2221D3A0-F55B-4EE3-92E6-78E35532FF89}.Release|Any CPU.Build.0 = Release|Any CPU
		{7518FC02-64F9-4494-B569-EEAB3F219E74}.Debug|Any CPU.ActiveCfg = Debug|Any CPU
		{7518FC02-64F9-4494-B569-EEAB3F219E74}.Debug|Any CPU.Build.0 = Debug|Any CPU
		{7518FC02-64F9-4494-B569-EEAB3F219E74}.Release|Any CPU.ActiveCfg = Release|Any CPU
		{7518FC02-64F9-4494-B569-EEAB3F219E74}.Release|Any CPU.Build.0 = Release|Any CPU
	EndGlobalSection
EndGlobal
